// !$*UTF8*$!
{
	archiveVersion = 1;
	classes = {
	};
	objectVersion = 48;
	objects = {

/* Begin PBXBuildFile section */
		F1E0864C1FEE742A006C35A8 /* AppDelegate.swift in Sources */ = {isa = PBXBuildFile; fileRef = F1E0864B1FEE742A006C35A8 /* AppDelegate.swift */; };
		F1E0864E1FEE742A006C35A8 /* MenuViewController.swift in Sources */ = {isa = PBXBuildFile; fileRef = F1E0864D1FEE742A006C35A8 /* MenuViewController.swift */; };
		F1E086511FEE742A006C35A8 /* Main.storyboard in Resources */ = {isa = PBXBuildFile; fileRef = F1E0864F1FEE742A006C35A8 /* Main.storyboard */; };
		F1E086541FEE742A006C35A8 /* El_Rincon_de_Chiquito.xcdatamodeld in Sources */ = {isa = PBXBuildFile; fileRef = F1E086521FEE742A006C35A8 /* El_Rincon_de_Chiquito.xcdatamodeld */; };
		F1E086591FEE742A006C35A8 /* LaunchScreen.storyboard in Resources */ = {isa = PBXBuildFile; fileRef = F1E086571FEE742A006C35A8 /* LaunchScreen.storyboard */; };
		F1E086651FEEADB1006C35A8 /* SonidosViewController.swift in Sources */ = {isa = PBXBuildFile; fileRef = F1E086641FEEADB1006C35A8 /* SonidosViewController.swift */; };
		F1E086671FEED9E8006C35A8 /* Media.xcassets in Resources */ = {isa = PBXBuildFile; fileRef = F1E086661FEED9E8006C35A8 /* Media.xcassets */; };
		F1E0866B1FEEE0F5006C35A8 /* sonido.png in Resources */ = {isa = PBXBuildFile; fileRef = F1E0866A1FEEE0F4006C35A8 /* sonido.png */; };
		F1E0866F1FF269F1006C35A8 /* risa_1.png in Resources */ = {isa = PBXBuildFile; fileRef = F1E0866C1FF269F1006C35A8 /* risa_1.png */; };
		F1E086701FF269F1006C35A8 /* risa_3.png in Resources */ = {isa = PBXBuildFile; fileRef = F1E0866D1FF269F1006C35A8 /* risa_3.png */; };
		F1E086711FF269F1006C35A8 /* risa_2.png in Resources */ = {isa = PBXBuildFile; fileRef = F1E0866E1FF269F1006C35A8 /* risa_2.png */; };
		F1E086731FF26B92006C35A8 /* Chiquitazo_fistro.png in Resources */ = {isa = PBXBuildFile; fileRef = F1E086721FF26B91006C35A8 /* Chiquitazo_fistro.png */; };
		F1E086751FF3AF26006C35A8 /* Chiquitazo_comorrr.png in Resources */ = {isa = PBXBuildFile; fileRef = F1E086741FF3AF26006C35A8 /* Chiquitazo_comorrr.png */; };
		F1E086781FF3B977006C35A8 /* foto_menu.jpg in Resources */ = {isa = PBXBuildFile; fileRef = F1E086771FF3B977006C35A8 /* foto_menu.jpg */; };
		F1E0867A1FF3BCDB006C35A8 /* boton.png in Resources */ = {isa = PBXBuildFile; fileRef = F1E086791FF3BCDB006C35A8 /* boton.png */; };
/* End PBXBuildFile section */

/* Begin PBXFileReference section */
		F1E086481FEE742A006C35A8 /* El Rincon de Chiquito.app */ = {isa = PBXFileReference; explicitFileType = wrapper.application; includeInIndex = 0; path = "El Rincon de Chiquito.app"; sourceTree = BUILT_PRODUCTS_DIR; };
		F1E0864B1FEE742A006C35A8 /* AppDelegate.swift */ = {isa = PBXFileReference; lastKnownFileType = sourcecode.swift; path = AppDelegate.swift; sourceTree = "<group>"; };
		F1E0864D1FEE742A006C35A8 /* MenuViewController.swift */ = {isa = PBXFileReference; lastKnownFileType = sourcecode.swift; path = MenuViewController.swift; sourceTree = "<group>"; };
		F1E086501FEE742A006C35A8 /* Base */ = {isa = PBXFileReference; lastKnownFileType = file.storyboard; name = Base; path = Base.lproj/Main.storyboard; sourceTree = "<group>"; };
		F1E086531FEE742A006C35A8 /* El_Rincon_de_Chiquito.xcdatamodel */ = {isa = PBXFileReference; lastKnownFileType = wrapper.xcdatamodel; path = El_Rincon_de_Chiquito.xcdatamodel; sourceTree = "<group>"; };
		F1E086581FEE742A006C35A8 /* Base */ = {isa = PBXFileReference; lastKnownFileType = file.storyboard; name = Base; path = Base.lproj/LaunchScreen.storyboard; sourceTree = "<group>"; };
		F1E0865A1FEE742A006C35A8 /* Info.plist */ = {isa = PBXFileReference; lastKnownFileType = text.plist.xml; path = Info.plist; sourceTree = "<group>"; };
		F1E086641FEEADB1006C35A8 /* SonidosViewController.swift */ = {isa = PBXFileReference; lastKnownFileType = sourcecode.swift; path = SonidosViewController.swift; sourceTree = "<group>"; };
		F1E086661FEED9E8006C35A8 /* Media.xcassets */ = {isa = PBXFileReference; lastKnownFileType = folder.assetcatalog; path = Media.xcassets; sourceTree = "<group>"; };
		F1E0866A1FEEE0F4006C35A8 /* sonido.png */ = {isa = PBXFileReference; lastKnownFileType = image.png; path = sonido.png; sourceTree = "<group>"; };
		F1E0866C1FF269F1006C35A8 /* risa_1.png */ = {isa = PBXFileReference; lastKnownFileType = image.png; path = risa_1.png; sourceTree = "<group>"; };
		F1E0866D1FF269F1006C35A8 /* risa_3.png */ = {isa = PBXFileReference; lastKnownFileType = image.png; path = risa_3.png; sourceTree = "<group>"; };
		F1E0866E1FF269F1006C35A8 /* risa_2.png */ = {isa = PBXFileReference; lastKnownFileType = image.png; path = risa_2.png; sourceTree = "<group>"; };
		F1E086721FF26B91006C35A8 /* Chiquitazo_fistro.png */ = {isa = PBXFileReference; lastKnownFileType = image.png; path = Chiquitazo_fistro.png; sourceTree = "<group>"; };
		F1E086741FF3AF26006C35A8 /* Chiquitazo_comorrr.png */ = {isa = PBXFileReference; lastKnownFileType = image.png; path = Chiquitazo_comorrr.png; sourceTree = "<group>"; };
		F1E086771FF3B977006C35A8 /* foto_menu.jpg */ = {isa = PBXFileReference; lastKnownFileType = image.jpeg; path = foto_menu.jpg; sourceTree = "<group>"; };
		F1E086791FF3BCDB006C35A8 /* boton.png */ = {isa = PBXFileReference; lastKnownFileType = image.png; path = boton.png; sourceTree = "<group>"; };
/* End PBXFileReference section */

/* Begin PBXFrameworksBuildPhase section */
		F1E086451FEE742A006C35A8 /* Frameworks */ = {
			isa = PBXFrameworksBuildPhase;
			buildActionMask = 2147483647;
			files = (
			);
			runOnlyForDeploymentPostprocessing = 0;
		};
/* End PBXFrameworksBuildPhase section */

/* Begin PBXGroup section */
		F1E0863F1FEE742A006C35A8 = {
			isa = PBXGroup;
			children = (
				F1E0864A1FEE742A006C35A8 /* El Rincon de Chiquito */,
				F1E086491FEE742A006C35A8 /* Products */,
			);
			sourceTree = "<group>";
		};
		F1E086491FEE742A006C35A8 /* Products */ = {
			isa = PBXGroup;
			children = (
				F1E086481FEE742A006C35A8 /* El Rincon de Chiquito.app */,
			);
			name = Products;
			sourceTree = "<group>";
		};
		F1E0864A1FEE742A006C35A8 /* El Rincon de Chiquito */ = {
			isa = PBXGroup;
			children = (
				F1E086761FF3B8B4006C35A8 /* Imagenes */,
				F1E0864B1FEE742A006C35A8 /* AppDelegate.swift */,
				F1E0864D1FEE742A006C35A8 /* MenuViewController.swift */,
				F1E086641FEEADB1006C35A8 /* SonidosViewController.swift */,
				F1E0864F1FEE742A006C35A8 /* Main.storyboard */,
				F1E086571FEE742A006C35A8 /* LaunchScreen.storyboard */,
				F1E0865A1FEE742A006C35A8 /* Info.plist */,
				F1E086521FEE742A006C35A8 /* El_Rincon_de_Chiquito.xcdatamodeld */,
				F1E086661FEED9E8006C35A8 /* Media.xcassets */,
			);
			path = "El Rincon de Chiquito";
			sourceTree = "<group>";
		};
		F1E086761FF3B8B4006C35A8 /* Imagenes */ = {
			isa = PBXGroup;
			children = (
				F1E086791FF3BCDB006C35A8 /* boton.png */,
				F1E086771FF3B977006C35A8 /* foto_menu.jpg */,
				F1E0866A1FEEE0F4006C35A8 /* sonido.png */,
				F1E0866C1FF269F1006C35A8 /* risa_1.png */,
				F1E0866E1FF269F1006C35A8 /* risa_2.png */,
				F1E0866D1FF269F1006C35A8 /* risa_3.png */,
				F1E086721FF26B91006C35A8 /* Chiquitazo_fistro.png */,
				F1E086741FF3AF26006C35A8 /* Chiquitazo_comorrr.png */,
			);
			path = Imagenes;
			sourceTree = "<group>";
		};
/* End PBXGroup section */

/* Begin PBXNativeTarget section */
		F1E086471FEE742A006C35A8 /* El Rincon de Chiquito */ = {
			isa = PBXNativeTarget;
			buildConfigurationList = F1E0865D1FEE742A006C35A8 /* Build configuration list for PBXNativeTarget "El Rincon de Chiquito" */;
			buildPhases = (
				F1E086441FEE742A006C35A8 /* Sources */,
				F1E086451FEE742A006C35A8 /* Frameworks */,
				F1E086461FEE742A006C35A8 /* Resources */,
			);
			buildRules = (
			);
			dependencies = (
			);
			name = "El Rincon de Chiquito";
			productName = "El Rincon de Chiquito";
			productReference = F1E086481FEE742A006C35A8 /* El Rincon de Chiquito.app */;
			productType = "com.apple.product-type.application";
		};
/* End PBXNativeTarget section */

/* Begin PBXProject section */
		F1E086401FEE742A006C35A8 /* Project object */ = {
			isa = PBXProject;
			attributes = {
				LastSwiftUpdateCheck = 0920;
				LastUpgradeCheck = 0920;
				ORGANIZATIONNAME = "Quijote@pps";
				TargetAttributes = {
					F1E086471FEE742A006C35A8 = {
						CreatedOnToolsVersion = 9.2;
						ProvisioningStyle = Automatic;
					};
				};
			};
			buildConfigurationList = F1E086431FEE742A006C35A8 /* Build configuration list for PBXProject "El Rincon de Chiquito" */;
			compatibilityVersion = "Xcode 8.0";
			developmentRegion = en;
			hasScannedForEncodings = 0;
			knownRegions = (
				en,
				Base,
			);
			mainGroup = F1E0863F1FEE742A006C35A8;
			productRefGroup = F1E086491FEE742A006C35A8 /* Products */;
			projectDirPath = "";
			projectRoot = "";
			targets = (
				F1E086471FEE742A006C35A8 /* El Rincon de Chiquito */,
			);
		};
/* End PBXProject section */

/* Begin PBXResourcesBuildPhase section */
		F1E086461FEE742A006C35A8 /* Resources */ = {
			isa = PBXResourcesBuildPhase;
			buildActionMask = 2147483647;
			files = (
				F1E086701FF269F1006C35A8 /* risa_3.png in Resources */,
				F1E086591FEE742A006C35A8 /* LaunchScreen.storyboard in Resources */,
				F1E0866B1FEEE0F5006C35A8 /* sonido.png in Resources */,
				F1E0867A1FF3BCDB006C35A8 /* boton.png in Resources */,
				F1E086671FEED9E8006C35A8 /* Media.xcassets in Resources */,
				F1E086751FF3AF26006C35A8 /* Chiquitazo_comorrr.png in Resources */,
				F1E0866F1FF269F1006C35A8 /* risa_1.png in Resources */,
				F1E086781FF3B977006C35A8 /* foto_menu.jpg in Resources */,
				F1E086711FF269F1006C35A8 /* risa_2.png in Resources */,
				F1E086511FEE742A006C35A8 /* Main.storyboard in Resources */,
				F1E086731FF26B92006C35A8 /* Chiquitazo_fistro.png in Resources */,
			);
			runOnlyForDeploymentPostprocessing = 0;
		};
/* End PBXResourcesBuildPhase section */

/* Begin PBXSourcesBuildPhase section */
		F1E086441FEE742A006C35A8 /* Sources */ = {
			isa = PBXSourcesBuildPhase;
			buildActionMask = 2147483647;
			files = (
				F1E0864E1FEE742A006C35A8 /* MenuViewController.swift in Sources */,
				F1E0864C1FEE742A006C35A8 /* AppDelegate.swift in Sources */,
				F1E086651FEEADB1006C35A8 /* SonidosViewController.swift in Sources */,
				F1E086541FEE742A006C35A8 /* El_Rincon_de_Chiquito.xcdatamodeld in Sources */,
			);
			runOnlyForDeploymentPostprocessing = 0;
		};
/* End PBXSourcesBuildPhase section */

/* Begin PBXVariantGroup section */
		F1E0864F1FEE742A006C35A8 /* Main.storyboard */ = {
			isa = PBXVariantGroup;
			children = (
				F1E086501FEE742A006C35A8 /* Base */,
			);
			name = Main.storyboard;
			sourceTree = "<group>";
		};
		F1E086571FEE742A006C35A8 /* LaunchScreen.storyboard */ = {
			isa = PBXVariantGroup;
			children = (
				F1E086581FEE742A006C35A8 /* Base */,
			);
			name = LaunchScreen.storyboard;
			sourceTree = "<group>";
		};
/* End PBXVariantGroup section */

/* Begin XCBuildConfiguration section */
		F1E0865B1FEE742A006C35A8 /* Debug */ = {
			isa = XCBuildConfiguration;
			buildSettings = {
				ALWAYS_SEARCH_USER_PATHS = NO;
				CLANG_ANALYZER_NONNULL = YES;
				CLANG_ANALYZER_NUMBER_OBJECT_CONVERSION = YES_AGGRESSIVE;
				CLANG_CXX_LANGUAGE_STANDARD = "gnu++14";
				CLANG_CXX_LIBRARY = "libc++";
				CLANG_ENABLE_MODULES = YES;
				CLANG_ENABLE_OBJC_ARC = YES;
				CLANG_WARN_BLOCK_CAPTURE_AUTORELEASING = YES;
				CLANG_WARN_BOOL_CONVERSION = YES;
				CLANG_WARN_COMMA = YES;
				CLANG_WARN_CONSTANT_CONVERSION = YES;
				CLANG_WARN_DIRECT_OBJC_ISA_USAGE = YES_ERROR;
				CLANG_WARN_DOCUMENTATION_COMMENTS = YES;
				CLANG_WARN_EMPTY_BODY = YES;
				CLANG_WARN_ENUM_CONVERSION = YES;
				CLANG_WARN_INFINITE_RECURSION = YES;
				CLANG_WARN_INT_CONVERSION = YES;
				CLANG_WARN_NON_LITERAL_NULL_CONVERSION = YES;
				CLANG_WARN_OBJC_LITERAL_CONVERSION = YES;
				CLANG_WARN_OBJC_ROOT_CLASS = YES_ERROR;
				CLANG_WARN_RANGE_LOOP_ANALYSIS = YES;
				CLANG_WARN_STRICT_PROTOTYPES = YES;
				CLANG_WARN_SUSPICIOUS_MOVE = YES;
				CLANG_WARN_UNGUARDED_AVAILABILITY = YES_AGGRESSIVE;
				CLANG_WARN_UNREACHABLE_CODE = YES;
				CLANG_WARN__DUPLICATE_METHOD_MATCH = YES;
				CODE_SIGN_IDENTITY = "iPhone Developer";
				COPY_PHASE_STRIP = NO;
				DEBUG_INFORMATION_FORMAT = dwarf;
				ENABLE_STRICT_OBJC_MSGSEND = YES;
				ENABLE_TESTABILITY = YES;
				GCC_C_LANGUAGE_STANDARD = gnu11;
				GCC_DYNAMIC_NO_PIC = NO;
				GCC_NO_COMMON_BLOCKS = YES;
				GCC_OPTIMIZATION_LEVEL = 0;
				GCC_PREPROCESSOR_DEFINITIONS = (
					"DEBUG=1",
					"$(inherited)",
				);
				GCC_WARN_64_TO_32_BIT_CONVERSION = YES;
				GCC_WARN_ABOUT_RETURN_TYPE = YES_ERROR;
				GCC_WARN_UNDECLARED_SELECTOR = YES;
				GCC_WARN_UNINITIALIZED_AUTOS = YES_AGGRESSIVE;
				GCC_WARN_UNUSED_FUNCTION = YES;
				GCC_WARN_UNUSED_VARIABLE = YES;
				IPHONEOS_DEPLOYMENT_TARGET = 11.2;
				MTL_ENABLE_DEBUG_INFO = YES;
				ONLY_ACTIVE_ARCH = YES;
				SDKROOT = iphoneos;
				SWIFT_ACTIVE_COMPILATION_CONDITIONS = DEBUG;
				SWIFT_OPTIMIZATION_LEVEL = "-Onone";
			};
			name = Debug;
		};
		F1E0865C1FEE742A006C35A8 /* Release */ = {
			isa = XCBuildConfiguration;
			buildSettings = {
				ALWAYS_SEARCH_USER_PATHS = NO;
				CLANG_ANALYZER_NONNULL = YES;
				CLANG_ANALYZER_NUMBER_OBJECT_CONVERSION = YES_AGGRESSIVE;
				CLANG_CXX_LANGUAGE_STANDARD = "gnu++14";
				CLANG_CXX_LIBRARY = "libc++";
				CLANG_ENABLE_MODULES = YES;
				CLANG_ENABLE_OBJC_ARC = YES;
				CLANG_WARN_BLOCK_CAPTURE_AUTORELEASING = YES;
				CLANG_WARN_BOOL_CONVERSION = YES;
				CLANG_WARN_COMMA = YES;
				CLANG_WARN_CONSTANT_CONVERSION = YES;
				CLANG_WARN_DIRECT_OBJC_ISA_USAGE = YES_ERROR;
				CLANG_WARN_DOCUMENTATION_COMMENTS = YES;
				CLANG_WARN_EMPTY_BODY = YES;
				CLANG_WARN_ENUM_CONVERSION = YES;
				CLANG_WARN_INFINITE_RECURSION = YES;
				CLANG_WARN_INT_CONVERSION = YES;
				CLANG_WARN_NON_LITERAL_NULL_CONVERSION = YES;
				CLANG_WARN_OBJC_LITERAL_CONVERSION = YES;
				CLANG_WARN_OBJC_ROOT_CLASS = YES_ERROR;
				CLANG_WARN_RANGE_LOOP_ANALYSIS = YES;
				CLANG_WARN_STRICT_PROTOTYPES = YES;
				CLANG_WARN_SUSPICIOUS_MOVE = YES;
				CLANG_WARN_UNGUARDED_AVAILABILITY = YES_AGGRESSIVE;
				CLANG_WARN_UNREACHABLE_CODE = YES;
				CLANG_WARN__DUPLICATE_METHOD_MATCH = YES;
				CODE_SIGN_IDENTITY = "iPhone Developer";
				COPY_PHASE_STRIP = NO;
				DEBUG_INFORMATION_FORMAT = "dwarf-with-dsym";
				ENABLE_NS_ASSERTIONS = NO;
				ENABLE_STRICT_OBJC_MSGSEND = YES;
				GCC_C_LANGUAGE_STANDARD = gnu11;
				GCC_NO_COMMON_BLOCKS = YES;
				GCC_WARN_64_TO_32_BIT_CONVERSION = YES;
				GCC_WARN_ABOUT_RETURN_TYPE = YES_ERROR;
				GCC_WARN_UNDECLARED_SELECTOR = YES;
				GCC_WARN_UNINITIALIZED_AUTOS = YES_AGGRESSIVE;
				GCC_WARN_UNUSED_FUNCTION = YES;
				GCC_WARN_UNUSED_VARIABLE = YES;
				IPHONEOS_DEPLOYMENT_TARGET = 11.2;
				MTL_ENABLE_DEBUG_INFO = NO;
				SDKROOT = iphoneos;
				SWIFT_OPTIMIZATION_LEVEL = "-Owholemodule";
				VALIDATE_PRODUCT = YES;
			};
			name = Release;
		};
		F1E0865E1FEE742A006C35A8 /* Debug */ = {
			isa = XCBuildConfiguration;
			buildSettings = {
				ASSETCATALOG_COMPILER_APPICON_NAME = AppIcon;
				CODE_SIGN_STYLE = Automatic;
				DEVELOPMENT_TEAM = 7257RHSGLV;
				INFOPLIST_FILE = "El Rincon de Chiquito/Info.plist";
				LD_RUNPATH_SEARCH_PATHS = "$(inherited) @executable_path/Frameworks";
				PRODUCT_BUNDLE_IDENTIFIER = "quijoteapps.El-Rincon-de-Chiquito";
				PRODUCT_NAME = "$(TARGET_NAME)";
				SWIFT_VERSION = 4.0;
				TARGETED_DEVICE_FAMILY = "1,2";
			};
			name = Debug;
		};
		F1E0865F1FEE742A006C35A8 /* Release */ = {
			isa = XCBuildConfiguration;
			buildSettings = {
				ASSETCATALOG_COMPILER_APPICON_NAME = AppIcon;
				CODE_SIGN_STYLE = Automatic;
				DEVELOPMENT_TEAM = 7257RHSGLV;
				INFOPLIST_FILE = "El Rincon de Chiquito/Info.plist";
				LD_RUNPATH_SEARCH_PATHS = "$(inherited) @executable_path/Frameworks";
				PRODUCT_BUNDLE_IDENTIFIER = "quijoteapps.El-Rincon-de-Chiquito";
				PRODUCT_NAME = "$(TARGET_NAME)";
				SWIFT_VERSION = 4.0;
				TARGETED_DEVICE_FAMILY = "1,2";
			};
			name = Release;
		};
/* End XCBuildConfiguration section */

/* Begin XCConfigurationList section */
		F1E086431FEE742A006C35A8 /* Build configuration list for PBXProject "El Rincon de Chiquito" */ = {
			isa = XCConfigurationList;
			buildConfigurations = (
				F1E0865B1FEE742A006C35A8 /* Debug */,
				F1E0865C1FEE742A006C35A8 /* Release */,
			);
			defaultConfigurationIsVisible = 0;
			defaultConfigurationName = Release;
		};
		F1E0865D1FEE742A006C35A8 /* Build configuration list for PBXNativeTarget "El Rincon de Chiquito" */ = {
			isa = XCConfigurationList;
			buildConfigurations = (
				F1E0865E1FEE742A006C35A8 /* Debug */,
				F1E0865F1FEE742A006C35A8 /* Release */,
			);
			defaultConfigurationIsVisible = 0;
			defaultConfigurationName = Release;
		};
/* End XCConfigurationList section */

/* Begin XCVersionGroup section */
		F1E086521FEE742A006C35A8 /* El_Rincon_de_Chiquito.xcdatamodeld */ = {
			isa = XCVersionGroup;
			children = (
				F1E086531FEE742A006C35A8 /* El_Rincon_de_Chiquito.xcdatamodel */,
			);
			currentVersion = F1E086531FEE742A006C35A8 /* El_Rincon_de_Chiquito.xcdatamodel */;
			path = El_Rincon_de_Chiquito.xcdatamodeld;
			sourceTree = "<group>";
			versionGroupType = wrapper.xcdatamodel;
		};
/* End XCVersionGroup section */
	};
	rootObject = F1E086401FEE742A006C35A8 /* Project object */;
}
